
Microsoft Visual Studio Solution File, Format Version 11.00
# Visual Studio 2010
Project("{FAE04EC0-301F-11D3-BF4B-00C04F79EFBC}") = "GoogleApis.SampleHelper", "SampleHelper\GoogleApis.SampleHelper.csproj", "{08079AFF-9A91-4387-8792-C731D18D4373}"
EndProject
Project("{FAE04EC0-301F-11D3-BF4B-00C04F79EFBC}") = "Tasks.CreateTasks", "Tasks.CreateTasks\Tasks.CreateTasks.csproj", "{7A03215D-1ED3-4C21-BEBA-83AC31802CB1}"
EndProject
Project("{FAE04EC0-301F-11D3-BF4B-00C04F79EFBC}") = "Tasks.SimpleOAuth2", "Tasks.SimpleOAuth2\Tasks.SimpleOAuth2.csproj", "{F3E675B8-24D9-48E7-9C5C-E009CB6E21F7}"
EndProject
Project("{FAE04EC0-301F-11D3-BF4B-00C04F79EFBC}") = "Tasks.WinForms.NoteMgr", "Tasks.WinForms.NoteMgr\Tasks.WinForms.NoteMgr.csproj", "{31ED8CC0-4304-4689-A3BC-BC5BAD4970F3}"
EndProject
Project("{FAE04EC0-301F-11D3-BF4B-00C04F79EFBC}") = "Translate.TranslateText", "Translate.TranslateText\Translate.TranslateText.csproj", "{00B8F374-2AFC-4141-A0E5-30A2A6BDDB11}"
EndProject
Project("{FAE04EC0-301F-11D3-BF4B-00C04F79EFBC}") = "UrlShortener.ListURLs", "UrlShortener.ListURLs\UrlShortener.ListURLs.csproj", "{D1F0FC91-C1E7-481B-83F3-CD8621745432}"
EndProject
Project("{FAE04EC0-301F-11D3-BF4B-00C04F79EFBC}") = "UrlShortener.ShortenURL", "UrlShortener.ShortenURL\UrlShortener.ShortenURL.csproj", "{7FA90B5E-2146-49BF-8ED9-E35E05A52020}"
EndProject
Project("{FAE04EC0-301F-11D3-BF4B-00C04F79EFBC}") = "SiteVerification.VerifySite", "SiteVerification.VerifySite\SiteVerification.VerifySite.csproj", "{BBEE8AEC-77B6-4A22-8293-9AAAB4FFBF05}"
EndProject
Project("{FAE04EC0-301F-11D3-BF4B-00C04F79EFBC}") = "Shopping.ListProducts", "Shopping.ListProducts\Shopping.ListProducts.csproj", "{DD020FB0-CD42-4BB6-BDC0-F4E692027428}"
EndProject
Project("{FAE04EC0-301F-11D3-BF4B-00C04F79EFBC}") = "PageSpeedOnline.SimpleTest", "PageSpeedOnline.SimpleTest\PageSpeedOnline.SimpleTest.csproj", "{E38C4646-DF5F-4B38-B980-4970C4718F47}"
EndProject
Project("{FAE04EC0-301F-11D3-BF4B-00C04F79EFBC}") = "Discovery.ListAPIs", "Discovery.ListAPIs\Discovery.ListAPIs.csproj", "{57DDF57A-56A9-43F8-864F-EBAEE37EE78C}"
EndProject
Project("{FAE04EC0-301F-11D3-BF4B-00C04F79EFBC}") = "Books.ListMyLibrary", "Books.ListMyLibrary\Books.ListMyLibrary.csproj", "{7D6858B4-B98C-4157-9959-68DAA7289F76}"
EndProject
Project("{FAE04EC0-301F-11D3-BF4B-00C04F79EFBC}") = "Tasks.ETagCollision", "Tasks.ETagCollision\Tasks.ETagCollision.csproj", "{E8B4C3A1-83F9-4228-A116-01A818AF84A4}"
EndProject
Project("{FAE04EC0-301F-11D3-BF4B-00C04F79EFBC}") = "UrlShortener.ASP.NET", "UrlShortener.ASP.NET\UrlShortener.ASP.NET.csproj", "{C75D4A28-D122-4BAF-82B7-68257389CCDB}"
EndProject
Project("{FAE04EC0-301F-11D3-BF4B-00C04F79EFBC}") = "Tasks.ASP.NET.SimpleOAuth2", "Tasks.ASP.NET.SimpleOAuth2\Tasks.ASP.NET.SimpleOAuth2.csproj", "{D348AF78-BA10-4653-8DBE-8283FBBFD694}"
EndProject
Project("{FAE04EC0-301F-11D3-BF4B-00C04F79EFBC}") = "Tasks.WPF.ListTasks", "Tasks.WPF.ListTasks\Tasks.WPF.ListTasks.csproj", "{876DCC34-1405-4975-BAA3-1514AE72347F}"
EndProject
Project("{F184B08F-C81C-45F6-A57F-5ABD9991F28F}") = "Discovery.VB.ListAPIs", "Discovery.VB.ListAPIs\Discovery.VB.ListAPIs.vbproj", "{68CC1535-13A8-4D58-8CD3-68E639C28B1B}"
EndProject
Project("{FAE04EC0-301F-11D3-BF4B-00C04F79EFBC}") = "Prediction.Simple", "Prediction.Simple\Prediction.Simple.csproj", "{B30BF86E-AB69-4E74-8AB9-39EA376A4298}"
EndProject
Project("{FAE04EC0-301F-11D3-BF4B-00C04F79EFBC}") = "Prediction.HostedExample", "Prediction.HostedExample\Prediction.HostedExample.csproj", "{CC7B83BF-553F-4BA3-89EF-AA77C9B13658}"
EndProject
Project("{FAE04EC0-301F-11D3-BF4B-00C04F79EFBC}") = "Discovery.FieldsParameter", "Discovery.FieldsParameter\Discovery.FieldsParameter.csproj", "{8D9E3184-F083-4C5C-9B9A-949CC5EB534D}"
EndProject
Project("{FAE04EC0-301F-11D3-BF4B-00C04F79EFBC}") = "AdSense.Sample", "AdSense.Sample\AdSense.Sample.csproj", "{AFB9D510-C39D-42D0-9672-D494D0397F12}"
EndProject
Project("{FAE04EC0-301F-11D3-BF4B-00C04F79EFBC}") = "AdSenseHost.Sample", "AdSenseHost.Sample\AdSenseHost.Sample.csproj", "{6429E606-F032-4294-89D4-E380CF1CB671}"
EndProject
Project("{FAE04EC0-301F-11D3-BF4B-00C04F79EFBC}") = "Plus.ServiceAccount", "Plus.ServiceAccount\Plus.ServiceAccount.csproj", "{1900F27F-4090-440E-A389-6890F37F8812}"
EndProject
Project("{FAE04EC0-301F-11D3-BF4B-00C04F79EFBC}") = "DfaReporting.Sample", "DfaReporting.Sample\DfaReporting.Sample.csproj", "{247BE0DF-B175-482C-9949-7A4C42F5A2DF}"
EndProject
Project("{2150E333-8FDC-42A3-9474-1A3956D46DE8}") = ".nuget", ".nuget", "{D3C769A9-A84B-4E25-8B0C-6AD6FA836C2B}"
	ProjectSection(SolutionItems) = preProject
		.nuget\NuGet.Config = .nuget\NuGet.Config
		.nuget\NuGet.exe = .nuget\NuGet.exe
		.nuget\NuGet.targets = .nuget\NuGet.targets
	EndProjectSection
EndProject
Project("{F184B08F-C81C-45F6-A57F-5ABD9991F28F}") = "Calendar.VB.ConsoleApp", "Calendar.VB.ConsoleApp\Calendar.VB.ConsoleApp.vbproj", "{E831A201-31C2-4CEE-92F5-B44A3FC07EE7}"
EndProject
Global
	GlobalSection(SolutionConfigurationPlatforms) = preSolution
		Debug|Any CPU = Debug|Any CPU
		Release|Any CPU = Release|Any CPU
	EndGlobalSection
	GlobalSection(ProjectConfigurationPlatforms) = postSolution
		{08079AFF-9A91-4387-8792-C731D18D4373}.Debug|Any CPU.ActiveCfg = Debug|Any CPU
		{08079AFF-9A91-4387-8792-C731D18D4373}.Debug|Any CPU.Build.0 = Debug|Any CPU
		{08079AFF-9A91-4387-8792-C731D18D4373}.Release|Any CPU.ActiveCfg = Release|Any CPU
		{08079AFF-9A91-4387-8792-C731D18D4373}.Release|Any CPU.Build.0 = Release|Any CPU
		{7A03215D-1ED3-4C21-BEBA-83AC31802CB1}.Debug|Any CPU.ActiveCfg = Debug|Any CPU
		{7A03215D-1ED3-4C21-BEBA-83AC31802CB1}.Debug|Any CPU.Build.0 = Debug|Any CPU
		{7A03215D-1ED3-4C21-BEBA-83AC31802CB1}.Release|Any CPU.ActiveCfg = Release|Any CPU
		{7A03215D-1ED3-4C21-BEBA-83AC31802CB1}.Release|Any CPU.Build.0 = Release|Any CPU
		{F3E675B8-24D9-48E7-9C5C-E009CB6E21F7}.Debug|Any CPU.ActiveCfg = Debug|Any CPU
		{F3E675B8-24D9-48E7-9C5C-E009CB6E21F7}.Debug|Any CPU.Build.0 = Debug|Any CPU
		{F3E675B8-24D9-48E7-9C5C-E009CB6E21F7}.Release|Any CPU.ActiveCfg = Release|Any CPU
		{F3E675B8-24D9-48E7-9C5C-E009CB6E21F7}.Release|Any CPU.Build.0 = Release|Any CPU
		{31ED8CC0-4304-4689-A3BC-BC5BAD4970F3}.Debug|Any CPU.ActiveCfg = Debug|Any CPU
		{31ED8CC0-4304-4689-A3BC-BC5BAD4970F3}.Debug|Any CPU.Build.0 = Debug|Any CPU
		{31ED8CC0-4304-4689-A3BC-BC5BAD4970F3}.Release|Any CPU.ActiveCfg = Release|Any CPU
		{31ED8CC0-4304-4689-A3BC-BC5BAD4970F3}.Release|Any CPU.Build.0 = Release|Any CPU
		{00B8F374-2AFC-4141-A0E5-30A2A6BDDB11}.Debug|Any CPU.ActiveCfg = Debug|Any CPU
		{00B8F374-2AFC-4141-A0E5-30A2A6BDDB11}.Debug|Any CPU.Build.0 = Debug|Any CPU
		{00B8F374-2AFC-4141-A0E5-30A2A6BDDB11}.Release|Any CPU.ActiveCfg = Release|Any CPU
		{00B8F374-2AFC-4141-A0E5-30A2A6BDDB11}.Release|Any CPU.Build.0 = Release|Any CPU
		{D1F0FC91-C1E7-481B-83F3-CD8621745432}.Debug|Any CPU.ActiveCfg = Debug|Any CPU
		{D1F0FC91-C1E7-481B-83F3-CD8621745432}.Debug|Any CPU.Build.0 = Debug|Any CPU
		{D1F0FC91-C1E7-481B-83F3-CD8621745432}.Release|Any CPU.ActiveCfg = Release|Any CPU
		{D1F0FC91-C1E7-481B-83F3-CD8621745432}.Release|Any CPU.Build.0 = Release|Any CPU
		{7FA90B5E-2146-49BF-8ED9-E35E05A52020}.Debug|Any CPU.ActiveCfg = Debug|Any CPU
		{7FA90B5E-2146-49BF-8ED9-E35E05A52020}.Debug|Any CPU.Build.0 = Debug|Any CPU
		{7FA90B5E-2146-49BF-8ED9-E35E05A52020}.Release|Any CPU.ActiveCfg = Release|Any CPU
		{7FA90B5E-2146-49BF-8ED9-E35E05A52020}.Release|Any CPU.Build.0 = Release|Any CPU
		{BBEE8AEC-77B6-4A22-8293-9AAAB4FFBF05}.Debug|Any CPU.ActiveCfg = Debug|Any CPU
		{BBEE8AEC-77B6-4A22-8293-9AAAB4FFBF05}.Debug|Any CPU.Build.0 = Debug|Any CPU
		{BBEE8AEC-77B6-4A22-8293-9AAAB4FFBF05}.Release|Any CPU.ActiveCfg = Release|Any CPU
		{BBEE8AEC-77B6-4A22-8293-9AAAB4FFBF05}.Release|Any CPU.Build.0 = Release|Any CPU
		{DD020FB0-CD42-4BB6-BDC0-F4E692027428}.Debug|Any CPU.ActiveCfg = Debug|Any CPU
		{DD020FB0-CD42-4BB6-BDC0-F4E692027428}.Debug|Any CPU.Build.0 = Debug|Any CPU
		{DD020FB0-CD42-4BB6-BDC0-F4E692027428}.Release|Any CPU.ActiveCfg = Release|Any CPU
		{DD020FB0-CD42-4BB6-BDC0-F4E692027428}.Release|Any CPU.Build.0 = Release|Any CPU
		{E38C4646-DF5F-4B38-B980-4970C4718F47}.Debug|Any CPU.ActiveCfg = Debug|Any CPU
		{E38C4646-DF5F-4B38-B980-4970C4718F47}.Debug|Any CPU.Build.0 = Debug|Any CPU
		{E38C4646-DF5F-4B38-B980-4970C4718F47}.Release|Any CPU.ActiveCfg = Release|Any CPU
		{E38C4646-DF5F-4B38-B980-4970C4718F47}.Release|Any CPU.Build.0 = Release|Any CPU
		{57DDF57A-56A9-43F8-864F-EBAEE37EE78C}.Debug|Any CPU.ActiveCfg = Debug|Any CPU
		{57DDF57A-56A9-43F8-864F-EBAEE37EE78C}.Debug|Any CPU.Build.0 = Debug|Any CPU
		{57DDF57A-56A9-43F8-864F-EBAEE37EE78C}.Release|Any CPU.ActiveCfg = Release|Any CPU
		{57DDF57A-56A9-43F8-864F-EBAEE37EE78C}.Release|Any CPU.Build.0 = Release|Any CPU
		{7D6858B4-B98C-4157-9959-68DAA7289F76}.Debug|Any CPU.ActiveCfg = Debug|Any CPU
		{7D6858B4-B98C-4157-9959-68DAA7289F76}.Debug|Any CPU.Build.0 = Debug|Any CPU
		{7D6858B4-B98C-4157-9959-68DAA7289F76}.Release|Any CPU.ActiveCfg = Release|Any CPU
		{7D6858B4-B98C-4157-9959-68DAA7289F76}.Release|Any CPU.Build.0 = Release|Any CPU
		{E8B4C3A1-83F9-4228-A116-01A818AF84A4}.Debug|Any CPU.ActiveCfg = Debug|Any CPU
		{E8B4C3A1-83F9-4228-A116-01A818AF84A4}.Debug|Any CPU.Build.0 = Debug|Any CPU
		{E8B4C3A1-83F9-4228-A116-01A818AF84A4}.Release|Any CPU.ActiveCfg = Release|Any CPU
		{E8B4C3A1-83F9-4228-A116-01A818AF84A4}.Release|Any CPU.Build.0 = Release|Any CPU
		{C75D4A28-D122-4BAF-82B7-68257389CCDB}.Debug|Any CPU.ActiveCfg = Debug|Any CPU
		{C75D4A28-D122-4BAF-82B7-68257389CCDB}.Debug|Any CPU.Build.0 = Debug|Any CPU
		{C75D4A28-D122-4BAF-82B7-68257389CCDB}.Release|Any CPU.ActiveCfg = Release|Any CPU
		{C75D4A28-D122-4BAF-82B7-68257389CCDB}.Release|Any CPU.Build.0 = Release|Any CPU
		{D348AF78-BA10-4653-8DBE-8283FBBFD694}.Debug|Any CPU.ActiveCfg = Debug|Any CPU
		{D348AF78-BA10-4653-8DBE-8283FBBFD694}.Debug|Any CPU.Build.0 = Debug|Any CPU
		{D348AF78-BA10-4653-8DBE-8283FBBFD694}.Release|Any CPU.ActiveCfg = Release|Any CPU
		{D348AF78-BA10-4653-8DBE-8283FBBFD694}.Release|Any CPU.Build.0 = Release|Any CPU
		{876DCC34-1405-4975-BAA3-1514AE72347F}.Debug|Any CPU.ActiveCfg = Debug|Any CPU
		{876DCC34-1405-4975-BAA3-1514AE72347F}.Debug|Any CPU.Build.0 = Debug|Any CPU
		{876DCC34-1405-4975-BAA3-1514AE72347F}.Release|Any CPU.ActiveCfg = Release|Any CPU
		{876DCC34-1405-4975-BAA3-1514AE72347F}.Release|Any CPU.Build.0 = Release|Any CPU
		{68CC1535-13A8-4D58-8CD3-68E639C28B1B}.Debug|Any CPU.ActiveCfg = Debug|Any CPU
		{68CC1535-13A8-4D58-8CD3-68E639C28B1B}.Debug|Any CPU.Build.0 = Debug|Any CPU
		{68CC1535-13A8-4D58-8CD3-68E639C28B1B}.Release|Any CPU.ActiveCfg = Release|Any CPU
		{68CC1535-13A8-4D58-8CD3-68E639C28B1B}.Release|Any CPU.Build.0 = Release|Any CPU
		{B30BF86E-AB69-4E74-8AB9-39EA376A4298}.Debug|Any CPU.ActiveCfg = Debug|Any CPU
		{B30BF86E-AB69-4E74-8AB9-39EA376A4298}.Debug|Any CPU.Build.0 = Debug|Any CPU
		{B30BF86E-AB69-4E74-8AB9-39EA376A4298}.Release|Any CPU.ActiveCfg = Release|Any CPU
		{B30BF86E-AB69-4E74-8AB9-39EA376A4298}.Release|Any CPU.Build.0 = Release|Any CPU
		{CC7B83BF-553F-4BA3-89EF-AA77C9B13658}.Debug|Any CPU.ActiveCfg = Debug|Any CPU
		{CC7B83BF-553F-4BA3-89EF-AA77C9B13658}.Debug|Any CPU.Build.0 = Debug|Any CPU
		{CC7B83BF-553F-4BA3-89EF-AA77C9B13658}.Release|Any CPU.ActiveCfg = Release|Any CPU
		{CC7B83BF-553F-4BA3-89EF-AA77C9B13658}.Release|Any CPU.Build.0 = Release|Any CPU
		{8D9E3184-F083-4C5C-9B9A-949CC5EB534D}.Debug|Any CPU.ActiveCfg = Debug|Any CPU
		{8D9E3184-F083-4C5C-9B9A-949CC5EB534D}.Debug|Any CPU.Build.0 = Debug|Any CPU
		{8D9E3184-F083-4C5C-9B9A-949CC5EB534D}.Release|Any CPU.ActiveCfg = Release|Any CPU
		{8D9E3184-F083-4C5C-9B9A-949CC5EB534D}.Release|Any CPU.Build.0 = Release|Any CPU
		{AFB9D510-C39D-42D0-9672-D494D0397F12}.Debug|Any CPU.ActiveCfg = Debug|Any CPU
		{AFB9D510-C39D-42D0-9672-D494D0397F12}.Debug|Any CPU.Build.0 = Debug|Any CPU
		{AFB9D510-C39D-42D0-9672-D494D0397F12}.Release|Any CPU.ActiveCfg = Release|Any CPU
		{AFB9D510-C39D-42D0-9672-D494D0397F12}.Release|Any CPU.Build.0 = Release|Any CPU
		{6429E606-F032-4294-89D4-E380CF1CB671}.Debug|Any CPU.ActiveCfg = Debug|Any CPU
		{6429E606-F032-4294-89D4-E380CF1CB671}.Debug|Any CPU.Build.0 = Debug|Any CPU
		{6429E606-F032-4294-89D4-E380CF1CB671}.Release|Any CPU.ActiveCfg = Release|Any CPU
		{6429E606-F032-4294-89D4-E380CF1CB671}.Release|Any CPU.Build.0 = Release|Any CPU
		{1900F27F-4090-440E-A389-6890F37F8812}.Debug|Any CPU.ActiveCfg = Debug|Any CPU
		{1900F27F-4090-440E-A389-6890F37F8812}.Debug|Any CPU.Build.0 = Debug|Any CPU
		{1900F27F-4090-440E-A389-6890F37F8812}.Release|Any CPU.ActiveCfg = Release|Any CPU
		{1900F27F-4090-440E-A389-6890F37F8812}.Release|Any CPU.Build.0 = Release|Any CPU
		{247BE0DF-B175-482C-9949-7A4C42F5A2DF}.Debug|Any CPU.ActiveCfg = Debug|Any CPU
		{247BE0DF-B175-482C-9949-7A4C42F5A2DF}.Debug|Any CPU.Build.0 = Debug|Any CPU
		{247BE0DF-B175-482C-9949-7A4C42F5A2DF}.Release|Any CPU.ActiveCfg = Release|Any CPU
		{247BE0DF-B175-482C-9949-7A4C42F5A2DF}.Release|Any CPU.Build.0 = Release|Any CPU
		{E831A201-31C2-4CEE-92F5-B44A3FC07EE7}.Debug|Any CPU.ActiveCfg = Debug|Any CPU
		{E831A201-31C2-4CEE-92F5-B44A3FC07EE7}.Debug|Any CPU.Build.0 = Debug|Any CPU
		{E831A201-31C2-4CEE-92F5-B44A3FC07EE7}.Release|Any CPU.ActiveCfg = Release|Any CPU
		{E831A201-31C2-4CEE-92F5-B44A3FC07EE7}.Release|Any CPU.Build.0 = Release|Any CPU
	EndGlobalSection
	GlobalSection(SolutionProperties) = preSolution
		HideSolutionNode = FALSE
	EndGlobalSection
EndGlobal
