
Microsoft Visual Studio Solution File, Format Version 12.00
# Visual Studio 2013
VisualStudioVersion = 12.0.30501.0
MinimumVisualStudioVersion = 10.0.40219.1
Project("{FAE04EC0-301F-11D3-BF4B-00C04F79EFBC}") = "Tasks.CreateTasks", "Tasks.CreateTasks\Tasks.CreateTasks.csproj", "{7A03215D-1ED3-4C21-BEBA-83AC31802CB1}"
EndProject
Project("{FAE04EC0-301F-11D3-BF4B-00C04F79EFBC}") = "Tasks.SimpleOAuth2", "Tasks.SimpleOAuth2\Tasks.SimpleOAuth2.csproj", "{F3E675B8-24D9-48E7-9C5C-E009CB6E21F7}"
EndProject
Project("{FAE04EC0-301F-11D3-BF4B-00C04F79EFBC}") = "Tasks.WinForms.NoteMgr", "Tasks.WinForms.NoteMgr\Tasks.WinForms.NoteMgr.csproj", "{31ED8CC0-4304-4689-A3BC-BC5BAD4970F3}"
EndProject
Project("{FAE04EC0-301F-11D3-BF4B-00C04F79EFBC}") = "Translate.TranslateText", "Translate.TranslateText\Translate.TranslateText.csproj", "{00B8F374-2AFC-4141-A0E5-30A2A6BDDB11}"
EndProject
Project("{FAE04EC0-301F-11D3-BF4B-00C04F79EFBC}") = "UrlShortener.ListURLs", "UrlShortener.ListURLs\UrlShortener.ListURLs.csproj", "{D1F0FC91-C1E7-481B-83F3-CD8621745432}"
EndProject
Project("{FAE04EC0-301F-11D3-BF4B-00C04F79EFBC}") = "UrlShortener.ShortenURL", "UrlShortener.ShortenURL\UrlShortener.ShortenURL.csproj", "{7FA90B5E-2146-49BF-8ED9-E35E05A52020}"
EndProject
Project("{FAE04EC0-301F-11D3-BF4B-00C04F79EFBC}") = "SiteVerification.VerifySite", "SiteVerification.VerifySite\SiteVerification.VerifySite.csproj", "{BBEE8AEC-77B6-4A22-8293-9AAAB4FFBF05}"
EndProject
Project("{FAE04EC0-301F-11D3-BF4B-00C04F79EFBC}") = "PageSpeedOnline.SimpleTest", "PageSpeedOnline.SimpleTest\PageSpeedOnline.SimpleTest.csproj", "{E38C4646-DF5F-4B38-B980-4970C4718F47}"
EndProject
Project("{FAE04EC0-301F-11D3-BF4B-00C04F79EFBC}") = "Discovery.ListAPIs", "Discovery.ListAPIs\Discovery.ListAPIs.csproj", "{57DDF57A-56A9-43F8-864F-EBAEE37EE78C}"
EndProject
Project("{FAE04EC0-301F-11D3-BF4B-00C04F79EFBC}") = "Books.ListMyLibrary", "Books.ListMyLibrary\Books.ListMyLibrary.csproj", "{7D6858B4-B98C-4157-9959-68DAA7289F76}"
EndProject
Project("{FAE04EC0-301F-11D3-BF4B-00C04F79EFBC}") = "Tasks.ETagCollision", "Tasks.ETagCollision\Tasks.ETagCollision.csproj", "{E8B4C3A1-83F9-4228-A116-01A818AF84A4}"
EndProject
Project("{FAE04EC0-301F-11D3-BF4B-00C04F79EFBC}") = "UrlShortener.ASP.NET", "UrlShortener.ASP.NET\UrlShortener.ASP.NET.csproj", "{C75D4A28-D122-4BAF-82B7-68257389CCDB}"
EndProject
Project("{FAE04EC0-301F-11D3-BF4B-00C04F79EFBC}") = "Tasks.ASP.NET.SimpleOAuth2", "Tasks.ASP.NET.SimpleOAuth2\Tasks.ASP.NET.SimpleOAuth2.csproj", "{D348AF78-BA10-4653-8DBE-8283FBBFD694}"
EndProject
Project("{FAE04EC0-301F-11D3-BF4B-00C04F79EFBC}") = "Tasks.WPF.ListTasks", "Tasks.WPF.ListTasks\Tasks.WPF.ListTasks.csproj", "{876DCC34-1405-4975-BAA3-1514AE72347F}"
EndProject
Project("{F184B08F-C81C-45F6-A57F-5ABD9991F28F}") = "Discovery.VB.ListAPIs", "Discovery.VB.ListAPIs\Discovery.VB.ListAPIs.vbproj", "{68CC1535-13A8-4D58-8CD3-68E639C28B1B}"
EndProject
Project("{FAE04EC0-301F-11D3-BF4B-00C04F79EFBC}") = "Discovery.FieldsParameter", "Discovery.FieldsParameter\Discovery.FieldsParameter.csproj", "{8D9E3184-F083-4C5C-9B9A-949CC5EB534D}"
EndProject
Project("{FAE04EC0-301F-11D3-BF4B-00C04F79EFBC}") = "Plus.ServiceAccount", "Plus.ServiceAccount\Plus.ServiceAccount.csproj", "{1900F27F-4090-440E-A389-6890F37F8812}"
EndProject
Project("{FAE04EC0-301F-11D3-BF4B-00C04F79EFBC}") = "DfaReporting.Sample", "DfaReporting.Sample\DfaReporting.Sample.csproj", "{247BE0DF-B175-482C-9949-7A4C42F5A2DF}"
EndProject
Project("{2150E333-8FDC-42A3-9474-1A3956D46DE8}") = ".nuget", ".nuget", "{D3C769A9-A84B-4E25-8B0C-6AD6FA836C2B}"
	ProjectSection(SolutionItems) = preProject
		.nuget\NuGet.Config = .nuget\NuGet.Config
		.nuget\NuGet.exe = .nuget\NuGet.exe
		.nuget\NuGet.targets = .nuget\NuGet.targets
	EndProjectSection
EndProject
Project("{FAE04EC0-301F-11D3-BF4B-00C04F79EFBC}") = "Drive.Sample", "Drive.Sample\Drive.Sample.csproj", "{DCEA467C-253B-49F5-BFA2-506A972D6C18}"
EndProject
Project("{F184B08F-C81C-45F6-A57F-5ABD9991F28F}") = "Calendar.VB.ConsoleApp", "Calendar.VB.ConsoleApp\Calendar.VB.ConsoleApp.vbproj", "{E831A201-31C2-4CEE-92F5-B44A3FC07EE7}"
EndProject
Project("{FAE04EC0-301F-11D3-BF4B-00C04F79EFBC}") = "Translate.WP.TranslateText", "Translate.WP.TranslateText\Translate.WP.TranslateText.csproj", "{D7203C78-57B2-4D3D-9634-E6AB231C1836}"
EndProject
Project("{2150E333-8FDC-42A3-9474-1A3956D46DE8}") = "Blogger.Sample", "Blogger.Sample", "{F742F645-ECCF-42B5-9003-79E729DF4B10}"
EndProject
Project("{D954291E-2A0B-460D-934E-DC6B0785DB48}") = "Blogger.Sample.Shared", "Blogger.Sample\Blogger.Sample.Shared\Blogger.Sample.Shared.shproj", "{56D74B15-1902-49E0-A8A4-124ADDCE04DB}"
EndProject
Project("{FAE04EC0-301F-11D3-BF4B-00C04F79EFBC}") = "Blogger.Sample.Windows", "Blogger.Sample\Blogger.Sample.Windows\Blogger.Sample.Windows.csproj", "{CE06C3BA-5996-44D0-91CA-4C54546A092C}"
EndProject
Project("{FAE04EC0-301F-11D3-BF4B-00C04F79EFBC}") = "Blogger.Sample.WindowsPhone", "Blogger.Sample\Blogger.Sample.WindowsPhone\Blogger.Sample.WindowsPhone.csproj", "{E510E358-E951-463A-B8AA-8261B95EDF5B}"
EndProject
Global
	GlobalSection(SharedMSBuildProjectFiles) = preSolution
		Blogger.Sample\Blogger.Sample.Shared\Blogger.Sample.Shared.projitems*{e510e358-e951-463a-b8aa-8261b95edf5b}*SharedItemsImports = 4
		Blogger.Sample\Blogger.Sample.Shared\Blogger.Sample.Shared.projitems*{ce06c3ba-5996-44d0-91ca-4c54546a092c}*SharedItemsImports = 4
		Blogger.Sample\Blogger.Sample.Shared\Blogger.Sample.Shared.projitems*{56d74b15-1902-49e0-a8a4-124addce04db}*SharedItemsImports = 13
	EndGlobalSection
	GlobalSection(SolutionConfigurationPlatforms) = preSolution
		Debug|Any CPU = Debug|Any CPU
		Debug|ARM = Debug|ARM
		Debug|x64 = Debug|x64
		Debug|x86 = Debug|x86
		Release|Any CPU = Release|Any CPU
		Release|ARM = Release|ARM
		Release|x64 = Release|x64
		Release|x86 = Release|x86
	EndGlobalSection
	GlobalSection(ProjectConfigurationPlatforms) = postSolution
		{7A03215D-1ED3-4C21-BEBA-83AC31802CB1}.Debug|Any CPU.ActiveCfg = Debug|Any CPU
		{7A03215D-1ED3-4C21-BEBA-83AC31802CB1}.Debug|Any CPU.Build.0 = Debug|Any CPU
		{7A03215D-1ED3-4C21-BEBA-83AC31802CB1}.Debug|ARM.ActiveCfg = Debug|Any CPU
		{7A03215D-1ED3-4C21-BEBA-83AC31802CB1}.Debug|x64.ActiveCfg = Debug|Any CPU
		{7A03215D-1ED3-4C21-BEBA-83AC31802CB1}.Debug|x86.ActiveCfg = Debug|Any CPU
		{7A03215D-1ED3-4C21-BEBA-83AC31802CB1}.Release|Any CPU.ActiveCfg = Release|Any CPU
		{7A03215D-1ED3-4C21-BEBA-83AC31802CB1}.Release|Any CPU.Build.0 = Release|Any CPU
		{7A03215D-1ED3-4C21-BEBA-83AC31802CB1}.Release|ARM.ActiveCfg = Release|Any CPU
		{7A03215D-1ED3-4C21-BEBA-83AC31802CB1}.Release|x64.ActiveCfg = Release|Any CPU
		{7A03215D-1ED3-4C21-BEBA-83AC31802CB1}.Release|x86.ActiveCfg = Release|Any CPU
		{F3E675B8-24D9-48E7-9C5C-E009CB6E21F7}.Debug|Any CPU.ActiveCfg = Debug|Any CPU
		{F3E675B8-24D9-48E7-9C5C-E009CB6E21F7}.Debug|Any CPU.Build.0 = Debug|Any CPU
		{F3E675B8-24D9-48E7-9C5C-E009CB6E21F7}.Debug|ARM.ActiveCfg = Debug|Any CPU
		{F3E675B8-24D9-48E7-9C5C-E009CB6E21F7}.Debug|x64.ActiveCfg = Debug|Any CPU
		{F3E675B8-24D9-48E7-9C5C-E009CB6E21F7}.Debug|x86.ActiveCfg = Debug|Any CPU
		{F3E675B8-24D9-48E7-9C5C-E009CB6E21F7}.Release|Any CPU.ActiveCfg = Release|Any CPU
		{F3E675B8-24D9-48E7-9C5C-E009CB6E21F7}.Release|Any CPU.Build.0 = Release|Any CPU
		{F3E675B8-24D9-48E7-9C5C-E009CB6E21F7}.Release|ARM.ActiveCfg = Release|Any CPU
		{F3E675B8-24D9-48E7-9C5C-E009CB6E21F7}.Release|x64.ActiveCfg = Release|Any CPU
		{F3E675B8-24D9-48E7-9C5C-E009CB6E21F7}.Release|x86.ActiveCfg = Release|Any CPU
		{31ED8CC0-4304-4689-A3BC-BC5BAD4970F3}.Debug|Any CPU.ActiveCfg = Debug|Any CPU
		{31ED8CC0-4304-4689-A3BC-BC5BAD4970F3}.Debug|Any CPU.Build.0 = Debug|Any CPU
		{31ED8CC0-4304-4689-A3BC-BC5BAD4970F3}.Debug|ARM.ActiveCfg = Debug|Any CPU
		{31ED8CC0-4304-4689-A3BC-BC5BAD4970F3}.Debug|x64.ActiveCfg = Debug|Any CPU
		{31ED8CC0-4304-4689-A3BC-BC5BAD4970F3}.Debug|x86.ActiveCfg = Debug|Any CPU
		{31ED8CC0-4304-4689-A3BC-BC5BAD4970F3}.Release|Any CPU.ActiveCfg = Release|Any CPU
		{31ED8CC0-4304-4689-A3BC-BC5BAD4970F3}.Release|Any CPU.Build.0 = Release|Any CPU
		{31ED8CC0-4304-4689-A3BC-BC5BAD4970F3}.Release|ARM.ActiveCfg = Release|Any CPU
		{31ED8CC0-4304-4689-A3BC-BC5BAD4970F3}.Release|x64.ActiveCfg = Release|Any CPU
		{31ED8CC0-4304-4689-A3BC-BC5BAD4970F3}.Release|x86.ActiveCfg = Release|Any CPU
		{00B8F374-2AFC-4141-A0E5-30A2A6BDDB11}.Debug|Any CPU.ActiveCfg = Debug|Any CPU
		{00B8F374-2AFC-4141-A0E5-30A2A6BDDB11}.Debug|Any CPU.Build.0 = Debug|Any CPU
		{00B8F374-2AFC-4141-A0E5-30A2A6BDDB11}.Debug|ARM.ActiveCfg = Debug|Any CPU
		{00B8F374-2AFC-4141-A0E5-30A2A6BDDB11}.Debug|x64.ActiveCfg = Debug|Any CPU
		{00B8F374-2AFC-4141-A0E5-30A2A6BDDB11}.Debug|x86.ActiveCfg = Debug|Any CPU
		{00B8F374-2AFC-4141-A0E5-30A2A6BDDB11}.Release|Any CPU.ActiveCfg = Release|Any CPU
		{00B8F374-2AFC-4141-A0E5-30A2A6BDDB11}.Release|Any CPU.Build.0 = Release|Any CPU
		{00B8F374-2AFC-4141-A0E5-30A2A6BDDB11}.Release|ARM.ActiveCfg = Release|Any CPU
		{00B8F374-2AFC-4141-A0E5-30A2A6BDDB11}.Release|x64.ActiveCfg = Release|Any CPU
		{00B8F374-2AFC-4141-A0E5-30A2A6BDDB11}.Release|x86.ActiveCfg = Release|Any CPU
		{D1F0FC91-C1E7-481B-83F3-CD8621745432}.Debug|Any CPU.ActiveCfg = Debug|Any CPU
		{D1F0FC91-C1E7-481B-83F3-CD8621745432}.Debug|Any CPU.Build.0 = Debug|Any CPU
		{D1F0FC91-C1E7-481B-83F3-CD8621745432}.Debug|ARM.ActiveCfg = Debug|Any CPU
		{D1F0FC91-C1E7-481B-83F3-CD8621745432}.Debug|x64.ActiveCfg = Debug|Any CPU
		{D1F0FC91-C1E7-481B-83F3-CD8621745432}.Debug|x86.ActiveCfg = Debug|Any CPU
		{D1F0FC91-C1E7-481B-83F3-CD8621745432}.Release|Any CPU.ActiveCfg = Release|Any CPU
		{D1F0FC91-C1E7-481B-83F3-CD8621745432}.Release|Any CPU.Build.0 = Release|Any CPU
		{D1F0FC91-C1E7-481B-83F3-CD8621745432}.Release|ARM.ActiveCfg = Release|Any CPU
		{D1F0FC91-C1E7-481B-83F3-CD8621745432}.Release|x64.ActiveCfg = Release|Any CPU
		{D1F0FC91-C1E7-481B-83F3-CD8621745432}.Release|x86.ActiveCfg = Release|Any CPU
		{7FA90B5E-2146-49BF-8ED9-E35E05A52020}.Debug|Any CPU.ActiveCfg = Debug|Any CPU
		{7FA90B5E-2146-49BF-8ED9-E35E05A52020}.Debug|Any CPU.Build.0 = Debug|Any CPU
		{7FA90B5E-2146-49BF-8ED9-E35E05A52020}.Debug|ARM.ActiveCfg = Debug|Any CPU
		{7FA90B5E-2146-49BF-8ED9-E35E05A52020}.Debug|x64.ActiveCfg = Debug|Any CPU
		{7FA90B5E-2146-49BF-8ED9-E35E05A52020}.Debug|x86.ActiveCfg = Debug|Any CPU
		{7FA90B5E-2146-49BF-8ED9-E35E05A52020}.Release|Any CPU.ActiveCfg = Release|Any CPU
		{7FA90B5E-2146-49BF-8ED9-E35E05A52020}.Release|Any CPU.Build.0 = Release|Any CPU
		{7FA90B5E-2146-49BF-8ED9-E35E05A52020}.Release|ARM.ActiveCfg = Release|Any CPU
		{7FA90B5E-2146-49BF-8ED9-E35E05A52020}.Release|x64.ActiveCfg = Release|Any CPU
		{7FA90B5E-2146-49BF-8ED9-E35E05A52020}.Release|x86.ActiveCfg = Release|Any CPU
		{BBEE8AEC-77B6-4A22-8293-9AAAB4FFBF05}.Debug|Any CPU.ActiveCfg = Debug|Any CPU
		{BBEE8AEC-77B6-4A22-8293-9AAAB4FFBF05}.Debug|Any CPU.Build.0 = Debug|Any CPU
		{BBEE8AEC-77B6-4A22-8293-9AAAB4FFBF05}.Debug|ARM.ActiveCfg = Debug|Any CPU
		{BBEE8AEC-77B6-4A22-8293-9AAAB4FFBF05}.Debug|x64.ActiveCfg = Debug|Any CPU
		{BBEE8AEC-77B6-4A22-8293-9AAAB4FFBF05}.Debug|x86.ActiveCfg = Debug|Any CPU
		{BBEE8AEC-77B6-4A22-8293-9AAAB4FFBF05}.Release|Any CPU.ActiveCfg = Release|Any CPU
		{BBEE8AEC-77B6-4A22-8293-9AAAB4FFBF05}.Release|Any CPU.Build.0 = Release|Any CPU
		{BBEE8AEC-77B6-4A22-8293-9AAAB4FFBF05}.Release|ARM.ActiveCfg = Release|Any CPU
		{BBEE8AEC-77B6-4A22-8293-9AAAB4FFBF05}.Release|x64.ActiveCfg = Release|Any CPU
		{BBEE8AEC-77B6-4A22-8293-9AAAB4FFBF05}.Release|x86.ActiveCfg = Release|Any CPU
		{E38C4646-DF5F-4B38-B980-4970C4718F47}.Debug|Any CPU.ActiveCfg = Debug|Any CPU
		{E38C4646-DF5F-4B38-B980-4970C4718F47}.Debug|Any CPU.Build.0 = Debug|Any CPU
		{E38C4646-DF5F-4B38-B980-4970C4718F47}.Debug|ARM.ActiveCfg = Debug|Any CPU
		{E38C4646-DF5F-4B38-B980-4970C4718F47}.Debug|x64.ActiveCfg = Debug|Any CPU
		{E38C4646-DF5F-4B38-B980-4970C4718F47}.Debug|x86.ActiveCfg = Debug|Any CPU
		{E38C4646-DF5F-4B38-B980-4970C4718F47}.Release|Any CPU.ActiveCfg = Release|Any CPU
		{E38C4646-DF5F-4B38-B980-4970C4718F47}.Release|Any CPU.Build.0 = Release|Any CPU
		{E38C4646-DF5F-4B38-B980-4970C4718F47}.Release|ARM.ActiveCfg = Release|Any CPU
		{E38C4646-DF5F-4B38-B980-4970C4718F47}.Release|x64.ActiveCfg = Release|Any CPU
		{E38C4646-DF5F-4B38-B980-4970C4718F47}.Release|x86.ActiveCfg = Release|Any CPU
		{57DDF57A-56A9-43F8-864F-EBAEE37EE78C}.Debug|Any CPU.ActiveCfg = Debug|Any CPU
		{57DDF57A-56A9-43F8-864F-EBAEE37EE78C}.Debug|Any CPU.Build.0 = Debug|Any CPU
		{57DDF57A-56A9-43F8-864F-EBAEE37EE78C}.Debug|ARM.ActiveCfg = Debug|Any CPU
		{57DDF57A-56A9-43F8-864F-EBAEE37EE78C}.Debug|x64.ActiveCfg = Debug|Any CPU
		{57DDF57A-56A9-43F8-864F-EBAEE37EE78C}.Debug|x86.ActiveCfg = Debug|Any CPU
		{57DDF57A-56A9-43F8-864F-EBAEE37EE78C}.Release|Any CPU.ActiveCfg = Release|Any CPU
		{57DDF57A-56A9-43F8-864F-EBAEE37EE78C}.Release|Any CPU.Build.0 = Release|Any CPU
		{57DDF57A-56A9-43F8-864F-EBAEE37EE78C}.Release|ARM.ActiveCfg = Release|Any CPU
		{57DDF57A-56A9-43F8-864F-EBAEE37EE78C}.Release|x64.ActiveCfg = Release|Any CPU
		{57DDF57A-56A9-43F8-864F-EBAEE37EE78C}.Release|x86.ActiveCfg = Release|Any CPU
		{7D6858B4-B98C-4157-9959-68DAA7289F76}.Debug|Any CPU.ActiveCfg = Debug|Any CPU
		{7D6858B4-B98C-4157-9959-68DAA7289F76}.Debug|Any CPU.Build.0 = Debug|Any CPU
		{7D6858B4-B98C-4157-9959-68DAA7289F76}.Debug|ARM.ActiveCfg = Debug|Any CPU
		{7D6858B4-B98C-4157-9959-68DAA7289F76}.Debug|x64.ActiveCfg = Debug|Any CPU
		{7D6858B4-B98C-4157-9959-68DAA7289F76}.Debug|x86.ActiveCfg = Debug|Any CPU
		{7D6858B4-B98C-4157-9959-68DAA7289F76}.Release|Any CPU.ActiveCfg = Release|Any CPU
		{7D6858B4-B98C-4157-9959-68DAA7289F76}.Release|Any CPU.Build.0 = Release|Any CPU
		{7D6858B4-B98C-4157-9959-68DAA7289F76}.Release|ARM.ActiveCfg = Release|Any CPU
		{7D6858B4-B98C-4157-9959-68DAA7289F76}.Release|x64.ActiveCfg = Release|Any CPU
		{7D6858B4-B98C-4157-9959-68DAA7289F76}.Release|x86.ActiveCfg = Release|Any CPU
		{E8B4C3A1-83F9-4228-A116-01A818AF84A4}.Debug|Any CPU.ActiveCfg = Debug|Any CPU
		{E8B4C3A1-83F9-4228-A116-01A818AF84A4}.Debug|Any CPU.Build.0 = Debug|Any CPU
		{E8B4C3A1-83F9-4228-A116-01A818AF84A4}.Debug|ARM.ActiveCfg = Debug|Any CPU
		{E8B4C3A1-83F9-4228-A116-01A818AF84A4}.Debug|x64.ActiveCfg = Debug|Any CPU
		{E8B4C3A1-83F9-4228-A116-01A818AF84A4}.Debug|x86.ActiveCfg = Debug|Any CPU
		{E8B4C3A1-83F9-4228-A116-01A818AF84A4}.Release|Any CPU.ActiveCfg = Release|Any CPU
		{E8B4C3A1-83F9-4228-A116-01A818AF84A4}.Release|Any CPU.Build.0 = Release|Any CPU
		{E8B4C3A1-83F9-4228-A116-01A818AF84A4}.Release|ARM.ActiveCfg = Release|Any CPU
		{E8B4C3A1-83F9-4228-A116-01A818AF84A4}.Release|x64.ActiveCfg = Release|Any CPU
		{E8B4C3A1-83F9-4228-A116-01A818AF84A4}.Release|x86.ActiveCfg = Release|Any CPU
		{C75D4A28-D122-4BAF-82B7-68257389CCDB}.Debug|Any CPU.ActiveCfg = Debug|Any CPU
		{C75D4A28-D122-4BAF-82B7-68257389CCDB}.Debug|Any CPU.Build.0 = Debug|Any CPU
		{C75D4A28-D122-4BAF-82B7-68257389CCDB}.Debug|ARM.ActiveCfg = Debug|Any CPU
		{C75D4A28-D122-4BAF-82B7-68257389CCDB}.Debug|x64.ActiveCfg = Debug|Any CPU
		{C75D4A28-D122-4BAF-82B7-68257389CCDB}.Debug|x86.ActiveCfg = Debug|Any CPU
		{C75D4A28-D122-4BAF-82B7-68257389CCDB}.Release|Any CPU.ActiveCfg = Release|Any CPU
		{C75D4A28-D122-4BAF-82B7-68257389CCDB}.Release|Any CPU.Build.0 = Release|Any CPU
		{C75D4A28-D122-4BAF-82B7-68257389CCDB}.Release|ARM.ActiveCfg = Release|Any CPU
		{C75D4A28-D122-4BAF-82B7-68257389CCDB}.Release|x64.ActiveCfg = Release|Any CPU
		{C75D4A28-D122-4BAF-82B7-68257389CCDB}.Release|x86.ActiveCfg = Release|Any CPU
		{D348AF78-BA10-4653-8DBE-8283FBBFD694}.Debug|Any CPU.ActiveCfg = Debug|Any CPU
		{D348AF78-BA10-4653-8DBE-8283FBBFD694}.Debug|Any CPU.Build.0 = Debug|Any CPU
		{D348AF78-BA10-4653-8DBE-8283FBBFD694}.Debug|ARM.ActiveCfg = Debug|Any CPU
		{D348AF78-BA10-4653-8DBE-8283FBBFD694}.Debug|x64.ActiveCfg = Debug|Any CPU
		{D348AF78-BA10-4653-8DBE-8283FBBFD694}.Debug|x86.ActiveCfg = Debug|Any CPU
		{D348AF78-BA10-4653-8DBE-8283FBBFD694}.Release|Any CPU.ActiveCfg = Release|Any CPU
		{D348AF78-BA10-4653-8DBE-8283FBBFD694}.Release|Any CPU.Build.0 = Release|Any CPU
		{D348AF78-BA10-4653-8DBE-8283FBBFD694}.Release|ARM.ActiveCfg = Release|Any CPU
		{D348AF78-BA10-4653-8DBE-8283FBBFD694}.Release|x64.ActiveCfg = Release|Any CPU
		{D348AF78-BA10-4653-8DBE-8283FBBFD694}.Release|x86.ActiveCfg = Release|Any CPU
		{876DCC34-1405-4975-BAA3-1514AE72347F}.Debug|Any CPU.ActiveCfg = Debug|Any CPU
		{876DCC34-1405-4975-BAA3-1514AE72347F}.Debug|Any CPU.Build.0 = Debug|Any CPU
		{876DCC34-1405-4975-BAA3-1514AE72347F}.Debug|ARM.ActiveCfg = Debug|Any CPU
		{876DCC34-1405-4975-BAA3-1514AE72347F}.Debug|x64.ActiveCfg = Debug|Any CPU
		{876DCC34-1405-4975-BAA3-1514AE72347F}.Debug|x86.ActiveCfg = Debug|Any CPU
		{876DCC34-1405-4975-BAA3-1514AE72347F}.Release|Any CPU.ActiveCfg = Release|Any CPU
		{876DCC34-1405-4975-BAA3-1514AE72347F}.Release|Any CPU.Build.0 = Release|Any CPU
		{876DCC34-1405-4975-BAA3-1514AE72347F}.Release|ARM.ActiveCfg = Release|Any CPU
		{876DCC34-1405-4975-BAA3-1514AE72347F}.Release|x64.ActiveCfg = Release|Any CPU
		{876DCC34-1405-4975-BAA3-1514AE72347F}.Release|x86.ActiveCfg = Release|Any CPU
		{68CC1535-13A8-4D58-8CD3-68E639C28B1B}.Debug|Any CPU.ActiveCfg = Debug|Any CPU
		{68CC1535-13A8-4D58-8CD3-68E639C28B1B}.Debug|Any CPU.Build.0 = Debug|Any CPU
		{68CC1535-13A8-4D58-8CD3-68E639C28B1B}.Debug|ARM.ActiveCfg = Debug|Any CPU
		{68CC1535-13A8-4D58-8CD3-68E639C28B1B}.Debug|x64.ActiveCfg = Debug|Any CPU
		{68CC1535-13A8-4D58-8CD3-68E639C28B1B}.Debug|x86.ActiveCfg = Debug|Any CPU
		{68CC1535-13A8-4D58-8CD3-68E639C28B1B}.Release|Any CPU.ActiveCfg = Release|Any CPU
		{68CC1535-13A8-4D58-8CD3-68E639C28B1B}.Release|Any CPU.Build.0 = Release|Any CPU
		{68CC1535-13A8-4D58-8CD3-68E639C28B1B}.Release|ARM.ActiveCfg = Release|Any CPU
		{68CC1535-13A8-4D58-8CD3-68E639C28B1B}.Release|x64.ActiveCfg = Release|Any CPU
		{68CC1535-13A8-4D58-8CD3-68E639C28B1B}.Release|x86.ActiveCfg = Release|Any CPU
		{8D9E3184-F083-4C5C-9B9A-949CC5EB534D}.Debug|Any CPU.ActiveCfg = Debug|Any CPU
		{8D9E3184-F083-4C5C-9B9A-949CC5EB534D}.Debug|Any CPU.Build.0 = Debug|Any CPU
		{8D9E3184-F083-4C5C-9B9A-949CC5EB534D}.Debug|ARM.ActiveCfg = Debug|Any CPU
		{8D9E3184-F083-4C5C-9B9A-949CC5EB534D}.Debug|x64.ActiveCfg = Debug|Any CPU
		{8D9E3184-F083-4C5C-9B9A-949CC5EB534D}.Debug|x86.ActiveCfg = Debug|Any CPU
		{8D9E3184-F083-4C5C-9B9A-949CC5EB534D}.Release|Any CPU.ActiveCfg = Release|Any CPU
		{8D9E3184-F083-4C5C-9B9A-949CC5EB534D}.Release|Any CPU.Build.0 = Release|Any CPU
		{8D9E3184-F083-4C5C-9B9A-949CC5EB534D}.Release|ARM.ActiveCfg = Release|Any CPU
		{8D9E3184-F083-4C5C-9B9A-949CC5EB534D}.Release|x64.ActiveCfg = Release|Any CPU
		{8D9E3184-F083-4C5C-9B9A-949CC5EB534D}.Release|x86.ActiveCfg = Release|Any CPU
		{1900F27F-4090-440E-A389-6890F37F8812}.Debug|Any CPU.ActiveCfg = Debug|Any CPU
		{1900F27F-4090-440E-A389-6890F37F8812}.Debug|Any CPU.Build.0 = Debug|Any CPU
		{1900F27F-4090-440E-A389-6890F37F8812}.Debug|ARM.ActiveCfg = Debug|Any CPU
		{1900F27F-4090-440E-A389-6890F37F8812}.Debug|x64.ActiveCfg = Debug|Any CPU
		{1900F27F-4090-440E-A389-6890F37F8812}.Debug|x86.ActiveCfg = Debug|Any CPU
		{1900F27F-4090-440E-A389-6890F37F8812}.Release|Any CPU.ActiveCfg = Release|Any CPU
		{1900F27F-4090-440E-A389-6890F37F8812}.Release|Any CPU.Build.0 = Release|Any CPU
		{1900F27F-4090-440E-A389-6890F37F8812}.Release|ARM.ActiveCfg = Release|Any CPU
		{1900F27F-4090-440E-A389-6890F37F8812}.Release|x64.ActiveCfg = Release|Any CPU
		{1900F27F-4090-440E-A389-6890F37F8812}.Release|x86.ActiveCfg = Release|Any CPU
		{247BE0DF-B175-482C-9949-7A4C42F5A2DF}.Debug|Any CPU.ActiveCfg = Debug|Any CPU
		{247BE0DF-B175-482C-9949-7A4C42F5A2DF}.Debug|Any CPU.Build.0 = Debug|Any CPU
		{247BE0DF-B175-482C-9949-7A4C42F5A2DF}.Debug|ARM.ActiveCfg = Debug|Any CPU
		{247BE0DF-B175-482C-9949-7A4C42F5A2DF}.Debug|x64.ActiveCfg = Debug|Any CPU
		{247BE0DF-B175-482C-9949-7A4C42F5A2DF}.Debug|x86.ActiveCfg = Debug|Any CPU
		{247BE0DF-B175-482C-9949-7A4C42F5A2DF}.Release|Any CPU.ActiveCfg = Release|Any CPU
		{247BE0DF-B175-482C-9949-7A4C42F5A2DF}.Release|Any CPU.Build.0 = Release|Any CPU
		{247BE0DF-B175-482C-9949-7A4C42F5A2DF}.Release|ARM.ActiveCfg = Release|Any CPU
		{247BE0DF-B175-482C-9949-7A4C42F5A2DF}.Release|x64.ActiveCfg = Release|Any CPU
		{247BE0DF-B175-482C-9949-7A4C42F5A2DF}.Release|x86.ActiveCfg = Release|Any CPU
		{DCEA467C-253B-49F5-BFA2-506A972D6C18}.Debug|Any CPU.ActiveCfg = Debug|Any CPU
		{DCEA467C-253B-49F5-BFA2-506A972D6C18}.Debug|Any CPU.Build.0 = Debug|Any CPU
		{DCEA467C-253B-49F5-BFA2-506A972D6C18}.Debug|ARM.ActiveCfg = Debug|Any CPU
		{DCEA467C-253B-49F5-BFA2-506A972D6C18}.Debug|x64.ActiveCfg = Debug|Any CPU
		{DCEA467C-253B-49F5-BFA2-506A972D6C18}.Debug|x86.ActiveCfg = Debug|Any CPU
		{DCEA467C-253B-49F5-BFA2-506A972D6C18}.Release|Any CPU.ActiveCfg = Release|Any CPU
		{DCEA467C-253B-49F5-BFA2-506A972D6C18}.Release|Any CPU.Build.0 = Release|Any CPU
		{DCEA467C-253B-49F5-BFA2-506A972D6C18}.Release|ARM.ActiveCfg = Release|Any CPU
		{DCEA467C-253B-49F5-BFA2-506A972D6C18}.Release|x64.ActiveCfg = Release|Any CPU
		{DCEA467C-253B-49F5-BFA2-506A972D6C18}.Release|x86.ActiveCfg = Release|Any CPU
		{E831A201-31C2-4CEE-92F5-B44A3FC07EE7}.Debug|Any CPU.ActiveCfg = Debug|Any CPU
		{E831A201-31C2-4CEE-92F5-B44A3FC07EE7}.Debug|Any CPU.Build.0 = Debug|Any CPU
		{E831A201-31C2-4CEE-92F5-B44A3FC07EE7}.Debug|ARM.ActiveCfg = Debug|Any CPU
		{E831A201-31C2-4CEE-92F5-B44A3FC07EE7}.Debug|x64.ActiveCfg = Debug|Any CPU
		{E831A201-31C2-4CEE-92F5-B44A3FC07EE7}.Debug|x86.ActiveCfg = Debug|Any CPU
		{E831A201-31C2-4CEE-92F5-B44A3FC07EE7}.Release|Any CPU.ActiveCfg = Release|Any CPU
		{E831A201-31C2-4CEE-92F5-B44A3FC07EE7}.Release|Any CPU.Build.0 = Release|Any CPU
		{E831A201-31C2-4CEE-92F5-B44A3FC07EE7}.Release|ARM.ActiveCfg = Release|Any CPU
		{E831A201-31C2-4CEE-92F5-B44A3FC07EE7}.Release|x64.ActiveCfg = Release|Any CPU
		{E831A201-31C2-4CEE-92F5-B44A3FC07EE7}.Release|x86.ActiveCfg = Release|Any CPU
		{D7203C78-57B2-4D3D-9634-E6AB231C1836}.Debug|Any CPU.ActiveCfg = Debug|Any CPU
		{D7203C78-57B2-4D3D-9634-E6AB231C1836}.Debug|Any CPU.Build.0 = Debug|Any CPU
		{D7203C78-57B2-4D3D-9634-E6AB231C1836}.Debug|Any CPU.Deploy.0 = Debug|Any CPU
		{D7203C78-57B2-4D3D-9634-E6AB231C1836}.Debug|ARM.ActiveCfg = Debug|ARM
		{D7203C78-57B2-4D3D-9634-E6AB231C1836}.Debug|ARM.Build.0 = Debug|ARM
		{D7203C78-57B2-4D3D-9634-E6AB231C1836}.Debug|ARM.Deploy.0 = Debug|ARM
		{D7203C78-57B2-4D3D-9634-E6AB231C1836}.Debug|x64.ActiveCfg = Debug|Any CPU
		{D7203C78-57B2-4D3D-9634-E6AB231C1836}.Debug|x86.ActiveCfg = Debug|x86
		{D7203C78-57B2-4D3D-9634-E6AB231C1836}.Debug|x86.Build.0 = Debug|x86
		{D7203C78-57B2-4D3D-9634-E6AB231C1836}.Debug|x86.Deploy.0 = Debug|x86
		{D7203C78-57B2-4D3D-9634-E6AB231C1836}.Release|Any CPU.ActiveCfg = Release|Any CPU
		{D7203C78-57B2-4D3D-9634-E6AB231C1836}.Release|Any CPU.Build.0 = Release|Any CPU
		{D7203C78-57B2-4D3D-9634-E6AB231C1836}.Release|Any CPU.Deploy.0 = Release|Any CPU
		{D7203C78-57B2-4D3D-9634-E6AB231C1836}.Release|ARM.ActiveCfg = Release|ARM
		{D7203C78-57B2-4D3D-9634-E6AB231C1836}.Release|ARM.Build.0 = Release|ARM
		{D7203C78-57B2-4D3D-9634-E6AB231C1836}.Release|ARM.Deploy.0 = Release|ARM
		{D7203C78-57B2-4D3D-9634-E6AB231C1836}.Release|x64.ActiveCfg = Release|Any CPU
		{D7203C78-57B2-4D3D-9634-E6AB231C1836}.Release|x86.ActiveCfg = Release|x86
		{D7203C78-57B2-4D3D-9634-E6AB231C1836}.Release|x86.Build.0 = Release|x86
		{D7203C78-57B2-4D3D-9634-E6AB231C1836}.Release|x86.Deploy.0 = Release|x86
		{CE06C3BA-5996-44D0-91CA-4C54546A092C}.Debug|Any CPU.ActiveCfg = Debug|Any CPU
		{CE06C3BA-5996-44D0-91CA-4C54546A092C}.Debug|Any CPU.Build.0 = Debug|Any CPU
		{CE06C3BA-5996-44D0-91CA-4C54546A092C}.Debug|Any CPU.Deploy.0 = Debug|Any CPU
		{CE06C3BA-5996-44D0-91CA-4C54546A092C}.Debug|ARM.ActiveCfg = Debug|ARM
		{CE06C3BA-5996-44D0-91CA-4C54546A092C}.Debug|ARM.Build.0 = Debug|ARM
		{CE06C3BA-5996-44D0-91CA-4C54546A092C}.Debug|ARM.Deploy.0 = Debug|ARM
		{CE06C3BA-5996-44D0-91CA-4C54546A092C}.Debug|x64.ActiveCfg = Debug|x64
		{CE06C3BA-5996-44D0-91CA-4C54546A092C}.Debug|x64.Build.0 = Debug|x64
		{CE06C3BA-5996-44D0-91CA-4C54546A092C}.Debug|x64.Deploy.0 = Debug|x64
		{CE06C3BA-5996-44D0-91CA-4C54546A092C}.Debug|x86.ActiveCfg = Debug|x86
		{CE06C3BA-5996-44D0-91CA-4C54546A092C}.Debug|x86.Build.0 = Debug|x86
		{CE06C3BA-5996-44D0-91CA-4C54546A092C}.Debug|x86.Deploy.0 = Debug|x86
		{CE06C3BA-5996-44D0-91CA-4C54546A092C}.Release|Any CPU.ActiveCfg = Release|Any CPU
		{CE06C3BA-5996-44D0-91CA-4C54546A092C}.Release|Any CPU.Build.0 = Release|Any CPU
		{CE06C3BA-5996-44D0-91CA-4C54546A092C}.Release|Any CPU.Deploy.0 = Release|Any CPU
		{CE06C3BA-5996-44D0-91CA-4C54546A092C}.Release|ARM.ActiveCfg = Release|ARM
		{CE06C3BA-5996-44D0-91CA-4C54546A092C}.Release|ARM.Build.0 = Release|ARM
		{CE06C3BA-5996-44D0-91CA-4C54546A092C}.Release|ARM.Deploy.0 = Release|ARM
		{CE06C3BA-5996-44D0-91CA-4C54546A092C}.Release|x64.ActiveCfg = Release|x64
		{CE06C3BA-5996-44D0-91CA-4C54546A092C}.Release|x64.Build.0 = Release|x64
		{CE06C3BA-5996-44D0-91CA-4C54546A092C}.Release|x64.Deploy.0 = Release|x64
		{CE06C3BA-5996-44D0-91CA-4C54546A092C}.Release|x86.ActiveCfg = Release|x86
		{CE06C3BA-5996-44D0-91CA-4C54546A092C}.Release|x86.Build.0 = Release|x86
		{CE06C3BA-5996-44D0-91CA-4C54546A092C}.Release|x86.Deploy.0 = Release|x86
		{E510E358-E951-463A-B8AA-8261B95EDF5B}.Debug|Any CPU.ActiveCfg = Debug|Any CPU
		{E510E358-E951-463A-B8AA-8261B95EDF5B}.Debug|Any CPU.Build.0 = Debug|Any CPU
		{E510E358-E951-463A-B8AA-8261B95EDF5B}.Debug|Any CPU.Deploy.0 = Debug|Any CPU
		{E510E358-E951-463A-B8AA-8261B95EDF5B}.Debug|ARM.ActiveCfg = Debug|ARM
		{E510E358-E951-463A-B8AA-8261B95EDF5B}.Debug|ARM.Build.0 = Debug|ARM
		{E510E358-E951-463A-B8AA-8261B95EDF5B}.Debug|ARM.Deploy.0 = Debug|ARM
		{E510E358-E951-463A-B8AA-8261B95EDF5B}.Debug|x64.ActiveCfg = Debug|Any CPU
		{E510E358-E951-463A-B8AA-8261B95EDF5B}.Debug|x86.ActiveCfg = Debug|x86
		{E510E358-E951-463A-B8AA-8261B95EDF5B}.Debug|x86.Build.0 = Debug|x86
		{E510E358-E951-463A-B8AA-8261B95EDF5B}.Debug|x86.Deploy.0 = Debug|x86
		{E510E358-E951-463A-B8AA-8261B95EDF5B}.Release|Any CPU.ActiveCfg = Release|Any CPU
		{E510E358-E951-463A-B8AA-8261B95EDF5B}.Release|Any CPU.Build.0 = Release|Any CPU
		{E510E358-E951-463A-B8AA-8261B95EDF5B}.Release|Any CPU.Deploy.0 = Release|Any CPU
		{E510E358-E951-463A-B8AA-8261B95EDF5B}.Release|ARM.ActiveCfg = Release|ARM
		{E510E358-E951-463A-B8AA-8261B95EDF5B}.Release|ARM.Build.0 = Release|ARM
		{E510E358-E951-463A-B8AA-8261B95EDF5B}.Release|ARM.Deploy.0 = Release|ARM
		{E510E358-E951-463A-B8AA-8261B95EDF5B}.Release|x64.ActiveCfg = Release|Any CPU
		{E510E358-E951-463A-B8AA-8261B95EDF5B}.Release|x86.ActiveCfg = Release|x86
		{E510E358-E951-463A-B8AA-8261B95EDF5B}.Release|x86.Build.0 = Release|x86
		{E510E358-E951-463A-B8AA-8261B95EDF5B}.Release|x86.Deploy.0 = Release|x86
	EndGlobalSection
	GlobalSection(SolutionProperties) = preSolution
		HideSolutionNode = FALSE
	EndGlobalSection
	GlobalSection(NestedProjects) = preSolution
		{56D74B15-1902-49E0-A8A4-124ADDCE04DB} = {F742F645-ECCF-42B5-9003-79E729DF4B10}
		{CE06C3BA-5996-44D0-91CA-4C54546A092C} = {F742F645-ECCF-42B5-9003-79E729DF4B10}
		{E510E358-E951-463A-B8AA-8261B95EDF5B} = {F742F645-ECCF-42B5-9003-79E729DF4B10}
	EndGlobalSection
EndGlobal
